// !$*UTF8*$!
{
	archiveVersion = 1;
	classes = {
	};
	objectVersion = 46;
	objects = {

/* Begin PBXBuildFile section */
		76FE7BBE7FB2186B55844B25 /* libPods-Twitter.a in Frameworks */ = {isa = PBXBuildFile; fileRef = E54BA0642DE1BC63A4C41319 /* libPods-Twitter.a */; };
		B226E8131B3D370300597E9D /* LoginViewController.m in Sources */ = {isa = PBXBuildFile; fileRef = B226E8111B3D370300597E9D /* LoginViewController.m */; };
		B226E8141B3D370300597E9D /* LoginViewController.xib in Resources */ = {isa = PBXBuildFile; fileRef = B226E8121B3D370300597E9D /* LoginViewController.xib */; };
		B226E8171B3D389300597E9D /* TwitterClient.m in Sources */ = {isa = PBXBuildFile; fileRef = B226E8161B3D389300597E9D /* TwitterClient.m */; };
		B226E81B1B3D479E00597E9D /* Tweet.m in Sources */ = {isa = PBXBuildFile; fileRef = B226E81A1B3D479E00597E9D /* Tweet.m */; };
		B226E81E1B3D47AC00597E9D /* User.m in Sources */ = {isa = PBXBuildFile; fileRef = B226E81D1B3D47AC00597E9D /* User.m */; };
		B226E8221B3D7D5400597E9D /* TweetsViewController.m in Sources */ = {isa = PBXBuildFile; fileRef = B226E8201B3D7D5400597E9D /* TweetsViewController.m */; };
		B226E8231B3D7D5400597E9D /* TweetsViewController.xib in Resources */ = {isa = PBXBuildFile; fileRef = B226E8211B3D7D5400597E9D /* TweetsViewController.xib */; };
		B226E8281B3DA64800597E9D /* TweetCell.xib in Resources */ = {isa = PBXBuildFile; fileRef = B226E8261B3DA64800597E9D /* TweetCell.xib */; };
		B226E82B1B3DA89B00597E9D /* TweetCell.m in Sources */ = {isa = PBXBuildFile; fileRef = B226E82A1B3DA89B00597E9D /* TweetCell.m */; };
		B226E8341B3FF03A00597E9D /* NavigationController.m in Sources */ = {isa = PBXBuildFile; fileRef = B226E8321B3FF03A00597E9D /* NavigationController.m */; };
		B226E8351B3FF03A00597E9D /* NavigationController.xib in Resources */ = {isa = PBXBuildFile; fileRef = B226E8331B3FF03A00597E9D /* NavigationController.xib */; };
		B270E30E1B4E1ECD0010C995 /* ic_profile.png in Resources */ = {isa = PBXBuildFile; fileRef = B270E30A1B4E1ECD0010C995 /* ic_profile.png */; };
		B270E30F1B4E1ECD0010C995 /* ic_user.png in Resources */ = {isa = PBXBuildFile; fileRef = B270E30B1B4E1ECD0010C995 /* ic_user.png */; };
		B270E3101B4E1ECD0010C995 /* ic_home.png in Resources */ = {isa = PBXBuildFile; fileRef = B270E30C1B4E1ECD0010C995 /* ic_home.png */; };
		B270E3111B4E1ECD0010C995 /* ic_mention.png in Resources */ = {isa = PBXBuildFile; fileRef = B270E30D1B4E1ECD0010C995 /* ic_mention.png */; };
		B270E3151B4E3F8B0010C995 /* ic_user_20x20.png in Resources */ = {isa = PBXBuildFile; fileRef = B270E3121B4E3F8B0010C995 /* ic_user_20x20.png */; };
		B270E3161B4E3F8B0010C995 /* ic_mention_16x20.png in Resources */ = {isa = PBXBuildFile; fileRef = B270E3131B4E3F8B0010C995 /* ic_mention_16x20.png */; };
		B270E3171B4E3F8B0010C995 /* ic_home_20x20.png in Resources */ = {isa = PBXBuildFile; fileRef = B270E3141B4E3F8B0010C995 /* ic_home_20x20.png */; };
		B270E31B1B4E4A090010C995 /* AccountsViewController.m in Sources */ = {isa = PBXBuildFile; fileRef = B270E3191B4E4A090010C995 /* AccountsViewController.m */; };
		B270E31C1B4E4A090010C995 /* AccountsViewController.xib in Resources */ = {isa = PBXBuildFile; fileRef = B270E31A1B4E4A090010C995 /* AccountsViewController.xib */; };
		B270E3201B4E55200010C995 /* AccountCell.m in Sources */ = {isa = PBXBuildFile; fileRef = B270E31E1B4E55200010C995 /* AccountCell.m */; };
		B270E3211B4E55200010C995 /* AccountCell.xib in Resources */ = {isa = PBXBuildFile; fileRef = B270E31F1B4E55200010C995 /* AccountCell.xib */; };
		B270E3251B4E55350010C995 /* AccountAddCell.m in Sources */ = {isa = PBXBuildFile; fileRef = B270E3231B4E55350010C995 /* AccountAddCell.m */; };
		B270E3261B4E55350010C995 /* AccountAddCell.xib in Resources */ = {isa = PBXBuildFile; fileRef = B270E3241B4E55350010C995 /* AccountAddCell.xib */; };
		B270E3281B4E73DD0010C995 /* ic_plus.png in Resources */ = {isa = PBXBuildFile; fileRef = B270E3271B4E73DD0010C995 /* ic_plus.png */; };
		B27AD5181B3D34B000181D2C /* main.m in Sources */ = {isa = PBXBuildFile; fileRef = B27AD5171B3D34B000181D2C /* main.m */; };
		B27AD51B1B3D34B000181D2C /* AppDelegate.m in Sources */ = {isa = PBXBuildFile; fileRef = B27AD51A1B3D34B000181D2C /* AppDelegate.m */; };
		B27AD5261B3D34B000181D2C /* LaunchScreen.xib in Resources */ = {isa = PBXBuildFile; fileRef = B27AD5241B3D34B000181D2C /* LaunchScreen.xib */; };
		B27AD5321B3D34B000181D2C /* TwitterTests.m in Sources */ = {isa = PBXBuildFile; fileRef = B27AD5311B3D34B000181D2C /* TwitterTests.m */; };
		B28EDE281B458076002A5590 /* MenuViewController.m in Sources */ = {isa = PBXBuildFile; fileRef = B28EDE261B458076002A5590 /* MenuViewController.m */; };
		B28EDE291B458076002A5590 /* MenuViewController.xib in Resources */ = {isa = PBXBuildFile; fileRef = B28EDE271B458076002A5590 /* MenuViewController.xib */; };
		B28EDE2D1B4580B3002A5590 /* ProfileViewController.m in Sources */ = {isa = PBXBuildFile; fileRef = B28EDE2B1B4580B3002A5590 /* ProfileViewController.m */; };
		B28EDE2E1B4580B3002A5590 /* ProfileViewController.xib in Resources */ = {isa = PBXBuildFile; fileRef = B28EDE2C1B4580B3002A5590 /* ProfileViewController.xib */; };
		B28EDE351B45832F002A5590 /* MenuOptionCell.m in Sources */ = {isa = PBXBuildFile; fileRef = B28EDE331B45832F002A5590 /* MenuOptionCell.m */; };
		B28EDE361B45832F002A5590 /* MenuOptionCell.xib in Resources */ = {isa = PBXBuildFile; fileRef = B28EDE341B45832F002A5590 /* MenuOptionCell.xib */; };
		B2E84C961B40585300DA3FE1 /* DetailViewController.m in Sources */ = {isa = PBXBuildFile; fileRef = B2E84C941B40585300DA3FE1 /* DetailViewController.m */; };
		B2E84C971B40585300DA3FE1 /* DetailViewController.xib in Resources */ = {isa = PBXBuildFile; fileRef = B2E84C951B40585300DA3FE1 /* DetailViewController.xib */; };
		B2E84C9B1B40EBA200DA3FE1 /* ComposeViewController.m in Sources */ = {isa = PBXBuildFile; fileRef = B2E84C991B40EBA200DA3FE1 /* ComposeViewController.m */; };
		B2E84C9C1B40EBA200DA3FE1 /* ComposeViewController.xib in Resources */ = {isa = PBXBuildFile; fileRef = B2E84C9A1B40EBA200DA3FE1 /* ComposeViewController.xib */; };
		B2E84CA21B4147F800DA3FE1 /* ic_star_false.png in Resources */ = {isa = PBXBuildFile; fileRef = B2E84C9D1B4147F700DA3FE1 /* ic_star_false.png */; };
		B2E84CA31B4147F800DA3FE1 /* ic_retweet_true.png in Resources */ = {isa = PBXBuildFile; fileRef = B2E84C9E1B4147F700DA3FE1 /* ic_retweet_true.png */; };
		B2E84CA41B4147F800DA3FE1 /* ic_star_true.png in Resources */ = {isa = PBXBuildFile; fileRef = B2E84C9F1B4147F700DA3FE1 /* ic_star_true.png */; };
		B2E84CA51B4147F800DA3FE1 /* ic_retweet_false.png in Resources */ = {isa = PBXBuildFile; fileRef = B2E84CA01B4147F700DA3FE1 /* ic_retweet_false.png */; };
		B2E84CA61B4147F800DA3FE1 /* ic_reply.png in Resources */ = {isa = PBXBuildFile; fileRef = B2E84CA11B4147F700DA3FE1 /* ic_reply.png */; };
		B2E84CAC1B41A5DF00DA3FE1 /* Images.xcassets in Resources */ = {isa = PBXBuildFile; fileRef = B2E84CAB1B41A5DF00DA3FE1 /* Images.xcassets */; };
		B2EF949F1B43B9C300D77FBA /* Media.m in Sources */ = {isa = PBXBuildFile; fileRef = B2EF949E1B43B9C300D77FBA /* Media.m */; };
		B2EF94A31B44279200D77FBA /* ic_compose.png in Resources */ = {isa = PBXBuildFile; fileRef = B2EF94A21B44279200D77FBA /* ic_compose.png */; };
		B2EF94A51B455C9A00D77FBA /* ic_menu.png in Resources */ = {isa = PBXBuildFile; fileRef = B2EF94A41B455C9A00D77FBA /* ic_menu.png */; };
/* End PBXBuildFile section */

/* Begin PBXContainerItemProxy section */
		B27AD52C1B3D34B000181D2C /* PBXContainerItemProxy */ = {
			isa = PBXContainerItemProxy;
			containerPortal = B27AD50A1B3D34B000181D2C /* Project object */;
			proxyType = 1;
			remoteGlobalIDString = B27AD5111B3D34B000181D2C;
			remoteInfo = Twitter;
		};
/* End PBXContainerItemProxy section */

/* Begin PBXFileReference section */
		65556AB8E95655525DD72C78 /* Pods-Twitter.debug.xcconfig */ = {isa = PBXFileReference; includeInIndex = 1; lastKnownFileType = text.xcconfig; name = "Pods-Twitter.debug.xcconfig"; path = "Pods/Target Support Files/Pods-Twitter/Pods-Twitter.debug.xcconfig"; sourceTree = "<group>"; };
		6F6E690875380D5B37C72304 /* Pods-Twitter.release.xcconfig */ = {isa = PBXFileReference; includeInIndex = 1; lastKnownFileType = text.xcconfig; name = "Pods-Twitter.release.xcconfig"; path = "Pods/Target Support Files/Pods-Twitter/Pods-Twitter.release.xcconfig"; sourceTree = "<group>"; };
		B226E8101B3D370300597E9D /* LoginViewController.h */ = {isa = PBXFileReference; fileEncoding = 4; lastKnownFileType = sourcecode.c.h; path = LoginViewController.h; sourceTree = "<group>"; };
		B226E8111B3D370300597E9D /* LoginViewController.m */ = {isa = PBXFileReference; fileEncoding = 4; lastKnownFileType = sourcecode.c.objc; path = LoginViewController.m; sourceTree = "<group>"; };
		B226E8121B3D370300597E9D /* LoginViewController.xib */ = {isa = PBXFileReference; fileEncoding = 4; lastKnownFileType = file.xib; path = LoginViewController.xib; sourceTree = "<group>"; };
		B226E8151B3D389300597E9D /* TwitterClient.h */ = {isa = PBXFileReference; fileEncoding = 4; lastKnownFileType = sourcecode.c.h; path = TwitterClient.h; sourceTree = "<group>"; };
		B226E8161B3D389300597E9D /* TwitterClient.m */ = {isa = PBXFileReference; fileEncoding = 4; lastKnownFileType = sourcecode.c.objc; path = TwitterClient.m; sourceTree = "<group>"; };
		B226E8191B3D479E00597E9D /* Tweet.h */ = {isa = PBXFileReference; fileEncoding = 4; lastKnownFileType = sourcecode.c.h; path = Tweet.h; sourceTree = "<group>"; };
		B226E81A1B3D479E00597E9D /* Tweet.m */ = {isa = PBXFileReference; fileEncoding = 4; lastKnownFileType = sourcecode.c.objc; path = Tweet.m; sourceTree = "<group>"; };
		B226E81C1B3D47AC00597E9D /* User.h */ = {isa = PBXFileReference; fileEncoding = 4; lastKnownFileType = sourcecode.c.h; path = User.h; sourceTree = "<group>"; };
		B226E81D1B3D47AC00597E9D /* User.m */ = {isa = PBXFileReference; fileEncoding = 4; lastKnownFileType = sourcecode.c.objc; path = User.m; sourceTree = "<group>"; };
		B226E81F1B3D7D5400597E9D /* TweetsViewController.h */ = {isa = PBXFileReference; fileEncoding = 4; lastKnownFileType = sourcecode.c.h; path = TweetsViewController.h; sourceTree = "<group>"; };
		B226E8201B3D7D5400597E9D /* TweetsViewController.m */ = {isa = PBXFileReference; fileEncoding = 4; lastKnownFileType = sourcecode.c.objc; path = TweetsViewController.m; sourceTree = "<group>"; };
		B226E8211B3D7D5400597E9D /* TweetsViewController.xib */ = {isa = PBXFileReference; fileEncoding = 4; lastKnownFileType = file.xib; path = TweetsViewController.xib; sourceTree = "<group>"; };
		B226E8261B3DA64800597E9D /* TweetCell.xib */ = {isa = PBXFileReference; fileEncoding = 4; lastKnownFileType = file.xib; path = TweetCell.xib; sourceTree = "<group>"; };
		B226E8291B3DA89B00597E9D /* TweetCell.h */ = {isa = PBXFileReference; fileEncoding = 4; lastKnownFileType = sourcecode.c.h; path = TweetCell.h; sourceTree = "<group>"; };
		B226E82A1B3DA89B00597E9D /* TweetCell.m */ = {isa = PBXFileReference; fileEncoding = 4; lastKnownFileType = sourcecode.c.objc; path = TweetCell.m; sourceTree = "<group>"; };
		B226E8311B3FF03A00597E9D /* NavigationController.h */ = {isa = PBXFileReference; fileEncoding = 4; lastKnownFileType = sourcecode.c.h; path = NavigationController.h; sourceTree = "<group>"; };
		B226E8321B3FF03A00597E9D /* NavigationController.m */ = {isa = PBXFileReference; fileEncoding = 4; lastKnownFileType = sourcecode.c.objc; path = NavigationController.m; sourceTree = "<group>"; };
		B226E8331B3FF03A00597E9D /* NavigationController.xib */ = {isa = PBXFileReference; fileEncoding = 4; lastKnownFileType = file.xib; path = NavigationController.xib; sourceTree = "<group>"; };
		B270E30A1B4E1ECD0010C995 /* ic_profile.png */ = {isa = PBXFileReference; lastKnownFileType = image.png; name = ic_profile.png; path = ../../../../Desktop/icon/ic_profile.png; sourceTree = "<group>"; };
		B270E30B1B4E1ECD0010C995 /* ic_user.png */ = {isa = PBXFileReference; lastKnownFileType = image.png; name = ic_user.png; path = ../../../../Desktop/icon/ic_user.png; sourceTree = "<group>"; };
		B270E30C1B4E1ECD0010C995 /* ic_home.png */ = {isa = PBXFileReference; lastKnownFileType = image.png; name = ic_home.png; path = ../../../../Desktop/icon/ic_home.png; sourceTree = "<group>"; };
		B270E30D1B4E1ECD0010C995 /* ic_mention.png */ = {isa = PBXFileReference; lastKnownFileType = image.png; name = ic_mention.png; path = ../../../../Desktop/icon/ic_mention.png; sourceTree = "<group>"; };
		B270E3121B4E3F8B0010C995 /* ic_user_20x20.png */ = {isa = PBXFileReference; lastKnownFileType = image.png; name = ic_user_20x20.png; path = ../../../../Desktop/icon/ic_user_20x20.png; sourceTree = "<group>"; };
		B270E3131B4E3F8B0010C995 /* ic_mention_16x20.png */ = {isa = PBXFileReference; lastKnownFileType = image.png; name = ic_mention_16x20.png; path = ../../../../Desktop/icon/ic_mention_16x20.png; sourceTree = "<group>"; };
		B270E3141B4E3F8B0010C995 /* ic_home_20x20.png */ = {isa = PBXFileReference; lastKnownFileType = image.png; name = ic_home_20x20.png; path = ../../../../Desktop/icon/ic_home_20x20.png; sourceTree = "<group>"; };
		B270E3181B4E4A090010C995 /* AccountsViewController.h */ = {isa = PBXFileReference; fileEncoding = 4; lastKnownFileType = sourcecode.c.h; path = AccountsViewController.h; sourceTree = "<group>"; };
		B270E3191B4E4A090010C995 /* AccountsViewController.m */ = {isa = PBXFileReference; fileEncoding = 4; lastKnownFileType = sourcecode.c.objc; path = AccountsViewController.m; sourceTree = "<group>"; };
		B270E31A1B4E4A090010C995 /* AccountsViewController.xib */ = {isa = PBXFileReference; fileEncoding = 4; lastKnownFileType = file.xib; path = AccountsViewController.xib; sourceTree = "<group>"; };
		B270E31D1B4E55200010C995 /* AccountCell.h */ = {isa = PBXFileReference; fileEncoding = 4; lastKnownFileType = sourcecode.c.h; path = AccountCell.h; sourceTree = "<group>"; };
		B270E31E1B4E55200010C995 /* AccountCell.m */ = {isa = PBXFileReference; fileEncoding = 4; lastKnownFileType = sourcecode.c.objc; path = AccountCell.m; sourceTree = "<group>"; };
		B270E31F1B4E55200010C995 /* AccountCell.xib */ = {isa = PBXFileReference; fileEncoding = 4; lastKnownFileType = file.xib; path = AccountCell.xib; sourceTree = "<group>"; };
		B270E3221B4E55350010C995 /* AccountAddCell.h */ = {isa = PBXFileReference; fileEncoding = 4; lastKnownFileType = sourcecode.c.h; path = AccountAddCell.h; sourceTree = "<group>"; };
		B270E3231B4E55350010C995 /* AccountAddCell.m */ = {isa = PBXFileReference; fileEncoding = 4; lastKnownFileType = sourcecode.c.objc; path = AccountAddCell.m; sourceTree = "<group>"; };
		B270E3241B4E55350010C995 /* AccountAddCell.xib */ = {isa = PBXFileReference; fileEncoding = 4; lastKnownFileType = file.xib; path = AccountAddCell.xib; sourceTree = "<group>"; };
		B270E3271B4E73DD0010C995 /* ic_plus.png */ = {isa = PBXFileReference; lastKnownFileType = image.png; name = ic_plus.png; path = ../../../../Desktop/icon/ic_plus.png; sourceTree = "<group>"; };
		B27AD5121B3D34B000181D2C /* Twitter.app */ = {isa = PBXFileReference; explicitFileType = wrapper.application; includeInIndex = 0; path = Twitter.app; sourceTree = BUILT_PRODUCTS_DIR; };
		B27AD5161B3D34B000181D2C /* Info.plist */ = {isa = PBXFileReference; lastKnownFileType = text.plist.xml; path = Info.plist; sourceTree = "<group>"; };
		B27AD5171B3D34B000181D2C /* main.m */ = {isa = PBXFileReference; lastKnownFileType = sourcecode.c.objc; path = main.m; sourceTree = "<group>"; };
		B27AD5191B3D34B000181D2C /* AppDelegate.h */ = {isa = PBXFileReference; lastKnownFileType = sourcecode.c.h; path = AppDelegate.h; sourceTree = "<group>"; };
		B27AD51A1B3D34B000181D2C /* AppDelegate.m */ = {isa = PBXFileReference; lastKnownFileType = sourcecode.c.objc; path = AppDelegate.m; sourceTree = "<group>"; };
		B27AD5251B3D34B000181D2C /* Base */ = {isa = PBXFileReference; lastKnownFileType = file.xib; name = Base; path = Base.lproj/LaunchScreen.xib; sourceTree = "<group>"; };
		B27AD52B1B3D34B000181D2C /* TwitterTests.xctest */ = {isa = PBXFileReference; explicitFileType = wrapper.cfbundle; includeInIndex = 0; path = TwitterTests.xctest; sourceTree = BUILT_PRODUCTS_DIR; };
		B27AD5301B3D34B000181D2C /* Info.plist */ = {isa = PBXFileReference; lastKnownFileType = text.plist.xml; path = Info.plist; sourceTree = "<group>"; };
		B27AD5311B3D34B000181D2C /* TwitterTests.m */ = {isa = PBXFileReference; lastKnownFileType = sourcecode.c.objc; path = TwitterTests.m; sourceTree = "<group>"; };
		B28EDE251B458076002A5590 /* MenuViewController.h */ = {isa = PBXFileReference; fileEncoding = 4; lastKnownFileType = sourcecode.c.h; path = MenuViewController.h; sourceTree = "<group>"; };
		B28EDE261B458076002A5590 /* MenuViewController.m */ = {isa = PBXFileReference; fileEncoding = 4; lastKnownFileType = sourcecode.c.objc; path = MenuViewController.m; sourceTree = "<group>"; };
		B28EDE271B458076002A5590 /* MenuViewController.xib */ = {isa = PBXFileReference; fileEncoding = 4; lastKnownFileType = file.xib; path = MenuViewController.xib; sourceTree = "<group>"; };
		B28EDE2A1B4580B3002A5590 /* ProfileViewController.h */ = {isa = PBXFileReference; fileEncoding = 4; lastKnownFileType = sourcecode.c.h; path = ProfileViewController.h; sourceTree = "<group>"; };
		B28EDE2B1B4580B3002A5590 /* ProfileViewController.m */ = {isa = PBXFileReference; fileEncoding = 4; lastKnownFileType = sourcecode.c.objc; path = ProfileViewController.m; sourceTree = "<group>"; };
		B28EDE2C1B4580B3002A5590 /* ProfileViewController.xib */ = {isa = PBXFileReference; fileEncoding = 4; lastKnownFileType = file.xib; path = ProfileViewController.xib; sourceTree = "<group>"; };
		B28EDE321B45832F002A5590 /* MenuOptionCell.h */ = {isa = PBXFileReference; fileEncoding = 4; lastKnownFileType = sourcecode.c.h; path = MenuOptionCell.h; sourceTree = "<group>"; };
		B28EDE331B45832F002A5590 /* MenuOptionCell.m */ = {isa = PBXFileReference; fileEncoding = 4; lastKnownFileType = sourcecode.c.objc; path = MenuOptionCell.m; sourceTree = "<group>"; };
		B28EDE341B45832F002A5590 /* MenuOptionCell.xib */ = {isa = PBXFileReference; fileEncoding = 4; lastKnownFileType = file.xib; path = MenuOptionCell.xib; sourceTree = "<group>"; };
		B2E84C931B40585300DA3FE1 /* DetailViewController.h */ = {isa = PBXFileReference; fileEncoding = 4; lastKnownFileType = sourcecode.c.h; path = DetailViewController.h; sourceTree = "<group>"; };
		B2E84C941B40585300DA3FE1 /* DetailViewController.m */ = {isa = PBXFileReference; fileEncoding = 4; lastKnownFileType = sourcecode.c.objc; path = DetailViewController.m; sourceTree = "<group>"; };
		B2E84C951B40585300DA3FE1 /* DetailViewController.xib */ = {isa = PBXFileReference; fileEncoding = 4; lastKnownFileType = file.xib; path = DetailViewController.xib; sourceTree = "<group>"; };
		B2E84C981B40EBA200DA3FE1 /* ComposeViewController.h */ = {isa = PBXFileReference; fileEncoding = 4; lastKnownFileType = sourcecode.c.h; path = ComposeViewController.h; sourceTree = "<group>"; };
		B2E84C991B40EBA200DA3FE1 /* ComposeViewController.m */ = {isa = PBXFileReference; fileEncoding = 4; lastKnownFileType = sourcecode.c.objc; path = ComposeViewController.m; sourceTree = "<group>"; };
		B2E84C9A1B40EBA200DA3FE1 /* ComposeViewController.xib */ = {isa = PBXFileReference; fileEncoding = 4; lastKnownFileType = file.xib; path = ComposeViewController.xib; sourceTree = "<group>"; };
		B2E84C9D1B4147F700DA3FE1 /* ic_star_false.png */ = {isa = PBXFileReference; lastKnownFileType = image.png; name = ic_star_false.png; path = ../../../../Desktop/icon/ic_star_false.png; sourceTree = "<group>"; };
		B2E84C9E1B4147F700DA3FE1 /* ic_retweet_true.png */ = {isa = PBXFileReference; lastKnownFileType = image.png; name = ic_retweet_true.png; path = ../../../../Desktop/icon/ic_retweet_true.png; sourceTree = "<group>"; };
		B2E84C9F1B4147F700DA3FE1 /* ic_star_true.png */ = {isa = PBXFileReference; lastKnownFileType = image.png; name = ic_star_true.png; path = ../../../../Desktop/icon/ic_star_true.png; sourceTree = "<group>"; };
		B2E84CA01B4147F700DA3FE1 /* ic_retweet_false.png */ = {isa = PBXFileReference; lastKnownFileType = image.png; name = ic_retweet_false.png; path = ../../../../Desktop/icon/ic_retweet_false.png; sourceTree = "<group>"; };
		B2E84CA11B4147F700DA3FE1 /* ic_reply.png */ = {isa = PBXFileReference; lastKnownFileType = image.png; name = ic_reply.png; path = ../../../../Desktop/icon/ic_reply.png; sourceTree = "<group>"; };
		B2E84CAB1B41A5DF00DA3FE1 /* Images.xcassets */ = {isa = PBXFileReference; lastKnownFileType = folder.assetcatalog; name = Images.xcassets; path = ../../../../Desktop/Images.xcassets; sourceTree = "<group>"; };
		B2EF949D1B43B9C300D77FBA /* Media.h */ = {isa = PBXFileReference; fileEncoding = 4; lastKnownFileType = sourcecode.c.h; path = Media.h; sourceTree = "<group>"; };
		B2EF949E1B43B9C300D77FBA /* Media.m */ = {isa = PBXFileReference; fileEncoding = 4; lastKnownFileType = sourcecode.c.objc; path = Media.m; sourceTree = "<group>"; };
		B2EF94A21B44279200D77FBA /* ic_compose.png */ = {isa = PBXFileReference; lastKnownFileType = image.png; name = ic_compose.png; path = ../../../../Desktop/icon/ic_compose.png; sourceTree = "<group>"; };
		B2EF94A41B455C9A00D77FBA /* ic_menu.png */ = {isa = PBXFileReference; lastKnownFileType = image.png; name = ic_menu.png; path = ../../../../Desktop/icon/ic_menu.png; sourceTree = "<group>"; };
		E54BA0642DE1BC63A4C41319 /* libPods-Twitter.a */ = {isa = PBXFileReference; explicitFileType = archive.ar; includeInIndex = 0; path = "libPods-Twitter.a"; sourceTree = BUILT_PRODUCTS_DIR; };
/* End PBXFileReference section */

/* Begin PBXFrameworksBuildPhase section */
		B27AD50F1B3D34B000181D2C /* Frameworks */ = {
			isa = PBXFrameworksBuildPhase;
			buildActionMask = 2147483647;
			files = (
				76FE7BBE7FB2186B55844B25 /* libPods-Twitter.a in Frameworks */,
			);
			runOnlyForDeploymentPostprocessing = 0;
		};
		B27AD5281B3D34B000181D2C /* Frameworks */ = {
			isa = PBXFrameworksBuildPhase;
			buildActionMask = 2147483647;
			files = (
			);
			runOnlyForDeploymentPostprocessing = 0;
		};
/* End PBXFrameworksBuildPhase section */

/* Begin PBXGroup section */
		02B0D126130B2FF75C0BB1AC /* Pods */ = {
			isa = PBXGroup;
			children = (
				65556AB8E95655525DD72C78 /* Pods-Twitter.debug.xcconfig */,
				6F6E690875380D5B37C72304 /* Pods-Twitter.release.xcconfig */,
			);
			name = Pods;
			sourceTree = "<group>";
		};
		51EA70B6FDDB3D49FFD79465 /* Frameworks */ = {
			isa = PBXGroup;
			children = (
				E54BA0642DE1BC63A4C41319 /* libPods-Twitter.a */,
			);
			name = Frameworks;
			sourceTree = "<group>";
		};
		B226E8181B3D46B900597E9D /* Models */ = {
			isa = PBXGroup;
			children = (
				B226E8191B3D479E00597E9D /* Tweet.h */,
				B226E81A1B3D479E00597E9D /* Tweet.m */,
				B226E81C1B3D47AC00597E9D /* User.h */,
				B226E81D1B3D47AC00597E9D /* User.m */,
				B2EF949D1B43B9C300D77FBA /* Media.h */,
				B2EF949E1B43B9C300D77FBA /* Media.m */,
			);
			name = Models;
			sourceTree = "<group>";
		};
		B27AD5091B3D34B000181D2C = {
			isa = PBXGroup;
			children = (
				B27AD5141B3D34B000181D2C /* Twitter */,
				B27AD52E1B3D34B000181D2C /* TwitterTests */,
				B27AD5131B3D34B000181D2C /* Products */,
				02B0D126130B2FF75C0BB1AC /* Pods */,
				51EA70B6FDDB3D49FFD79465 /* Frameworks */,
			);
			sourceTree = "<group>";
		};
		B27AD5131B3D34B000181D2C /* Products */ = {
			isa = PBXGroup;
			children = (
				B27AD5121B3D34B000181D2C /* Twitter.app */,
				B27AD52B1B3D34B000181D2C /* TwitterTests.xctest */,
			);
			name = Products;
			sourceTree = "<group>";
		};
		B27AD5141B3D34B000181D2C /* Twitter */ = {
			isa = PBXGroup;
			children = (
				B270E3271B4E73DD0010C995 /* ic_plus.png */,
				B270E3121B4E3F8B0010C995 /* ic_user_20x20.png */,
				B270E3131B4E3F8B0010C995 /* ic_mention_16x20.png */,
				B270E3141B4E3F8B0010C995 /* ic_home_20x20.png */,
				B270E30A1B4E1ECD0010C995 /* ic_profile.png */,
				B270E30B1B4E1ECD0010C995 /* ic_user.png */,
				B270E30C1B4E1ECD0010C995 /* ic_home.png */,
				B270E30D1B4E1ECD0010C995 /* ic_mention.png */,
				B2EF94A41B455C9A00D77FBA /* ic_menu.png */,
				B2EF94A21B44279200D77FBA /* ic_compose.png */,
				B2E84CAB1B41A5DF00DA3FE1 /* Images.xcassets */,
				B2E84C9D1B4147F700DA3FE1 /* ic_star_false.png */,
				B2E84C9E1B4147F700DA3FE1 /* ic_retweet_true.png */,
				B2E84C9F1B4147F700DA3FE1 /* ic_star_true.png */,
				B2E84CA01B4147F700DA3FE1 /* ic_retweet_false.png */,
				B2E84CA11B4147F700DA3FE1 /* ic_reply.png */,
				B226E8181B3D46B900597E9D /* Models */,
				B27AD5191B3D34B000181D2C /* AppDelegate.h */,
				B27AD51A1B3D34B000181D2C /* AppDelegate.m */,
				B27AD5241B3D34B000181D2C /* LaunchScreen.xib */,
				B27AD5151B3D34B000181D2C /* Supporting Files */,
				B226E8101B3D370300597E9D /* LoginViewController.h */,
				B226E8111B3D370300597E9D /* LoginViewController.m */,
				B226E8121B3D370300597E9D /* LoginViewController.xib */,
				B226E8151B3D389300597E9D /* TwitterClient.h */,
				B226E8161B3D389300597E9D /* TwitterClient.m */,
				B226E81F1B3D7D5400597E9D /* TweetsViewController.h */,
				B226E8201B3D7D5400597E9D /* TweetsViewController.m */,
				B226E8211B3D7D5400597E9D /* TweetsViewController.xib */,
				B226E8261B3DA64800597E9D /* TweetCell.xib */,
				B226E8291B3DA89B00597E9D /* TweetCell.h */,
				B226E82A1B3DA89B00597E9D /* TweetCell.m */,
				B226E8311B3FF03A00597E9D /* NavigationController.h */,
				B226E8321B3FF03A00597E9D /* NavigationController.m */,
				B226E8331B3FF03A00597E9D /* NavigationController.xib */,
				B2E84C931B40585300DA3FE1 /* DetailViewController.h */,
				B2E84C941B40585300DA3FE1 /* DetailViewController.m */,
				B2E84C951B40585300DA3FE1 /* DetailViewController.xib */,
				B2E84C981B40EBA200DA3FE1 /* ComposeViewController.h */,
				B2E84C991B40EBA200DA3FE1 /* ComposeViewController.m */,
				B2E84C9A1B40EBA200DA3FE1 /* ComposeViewController.xib */,
				B28EDE251B458076002A5590 /* MenuViewController.h */,
				B28EDE261B458076002A5590 /* MenuViewController.m */,
				B28EDE271B458076002A5590 /* MenuViewController.xib */,
				B28EDE2A1B4580B3002A5590 /* ProfileViewController.h */,
				B28EDE2B1B4580B3002A5590 /* ProfileViewController.m */,
				B28EDE2C1B4580B3002A5590 /* ProfileViewController.xib */,
				B28EDE321B45832F002A5590 /* MenuOptionCell.h */,
				B28EDE331B45832F002A5590 /* MenuOptionCell.m */,
				B28EDE341B45832F002A5590 /* MenuOptionCell.xib */,
				B270E3181B4E4A090010C995 /* AccountsViewController.h */,
				B270E3191B4E4A090010C995 /* AccountsViewController.m */,
				B270E31A1B4E4A090010C995 /* AccountsViewController.xib */,
				B270E31D1B4E55200010C995 /* AccountCell.h */,
				B270E31E1B4E55200010C995 /* AccountCell.m */,
				B270E31F1B4E55200010C995 /* AccountCell.xib */,
				B270E3221B4E55350010C995 /* AccountAddCell.h */,
				B270E3231B4E55350010C995 /* AccountAddCell.m */,
				B270E3241B4E55350010C995 /* AccountAddCell.xib */,
			);
			path = Twitter;
			sourceTree = "<group>";
		};
		B27AD5151B3D34B000181D2C /* Supporting Files */ = {
			isa = PBXGroup;
			children = (
				B27AD5161B3D34B000181D2C /* Info.plist */,
				B27AD5171B3D34B000181D2C /* main.m */,
			);
			name = "Supporting Files";
			sourceTree = "<group>";
		};
		B27AD52E1B3D34B000181D2C /* TwitterTests */ = {
			isa = PBXGroup;
			children = (
				B27AD5311B3D34B000181D2C /* TwitterTests.m */,
				B27AD52F1B3D34B000181D2C /* Supporting Files */,
			);
			path = TwitterTests;
			sourceTree = "<group>";
		};
		B27AD52F1B3D34B000181D2C /* Supporting Files */ = {
			isa = PBXGroup;
			children = (
				B27AD5301B3D34B000181D2C /* Info.plist */,
			);
			name = "Supporting Files";
			sourceTree = "<group>";
		};
/* End PBXGroup section */

/* Begin PBXNativeTarget section */
		B27AD5111B3D34B000181D2C /* Twitter */ = {
			isa = PBXNativeTarget;
			buildConfigurationList = B27AD5351B3D34B000181D2C /* Build configuration list for PBXNativeTarget "Twitter" */;
			buildPhases = (
				D08E214C74FFD44901601CEE /* Check Pods Manifest.lock */,
				B27AD50E1B3D34B000181D2C /* Sources */,
				B27AD50F1B3D34B000181D2C /* Frameworks */,
				B27AD5101B3D34B000181D2C /* Resources */,
				554E5861596032BBE2ADAE4F /* Copy Pods Resources */,
			);
			buildRules = (
			);
			dependencies = (
			);
			name = Twitter;
			productName = Twitter;
			productReference = B27AD5121B3D34B000181D2C /* Twitter.app */;
			productType = "com.apple.product-type.application";
		};
		B27AD52A1B3D34B000181D2C /* TwitterTests */ = {
			isa = PBXNativeTarget;
			buildConfigurationList = B27AD5381B3D34B000181D2C /* Build configuration list for PBXNativeTarget "TwitterTests" */;
			buildPhases = (
				B27AD5271B3D34B000181D2C /* Sources */,
				B27AD5281B3D34B000181D2C /* Frameworks */,
				B27AD5291B3D34B000181D2C /* Resources */,
			);
			buildRules = (
			);
			dependencies = (
				B27AD52D1B3D34B000181D2C /* PBXTargetDependency */,
			);
			name = TwitterTests;
			productName = TwitterTests;
			productReference = B27AD52B1B3D34B000181D2C /* TwitterTests.xctest */;
			productType = "com.apple.product-type.bundle.unit-test";
		};
/* End PBXNativeTarget section */

/* Begin PBXProject section */
		B27AD50A1B3D34B000181D2C /* Project object */ = {
			isa = PBXProject;
			attributes = {
				LastUpgradeCheck = 0630;
				ORGANIZATIONNAME = Yahoo;
				TargetAttributes = {
					B27AD5111B3D34B000181D2C = {
						CreatedOnToolsVersion = 6.3.1;
					};
					B27AD52A1B3D34B000181D2C = {
						CreatedOnToolsVersion = 6.3.1;
						TestTargetID = B27AD5111B3D34B000181D2C;
					};
				};
			};
			buildConfigurationList = B27AD50D1B3D34B000181D2C /* Build configuration list for PBXProject "Twitter" */;
			compatibilityVersion = "Xcode 3.2";
			developmentRegion = English;
			hasScannedForEncodings = 0;
			knownRegions = (
				en,
				Base,
			);
			mainGroup = B27AD5091B3D34B000181D2C;
			productRefGroup = B27AD5131B3D34B000181D2C /* Products */;
			projectDirPath = "";
			projectRoot = "";
			targets = (
				B27AD5111B3D34B000181D2C /* Twitter */,
				B27AD52A1B3D34B000181D2C /* TwitterTests */,
			);
		};
/* End PBXProject section */

/* Begin PBXResourcesBuildPhase section */
		B27AD5101B3D34B000181D2C /* Resources */ = {
			isa = PBXResourcesBuildPhase;
			buildActionMask = 2147483647;
			files = (
				B226E8231B3D7D5400597E9D /* TweetsViewController.xib in Resources */,
				B270E3261B4E55350010C995 /* AccountAddCell.xib in Resources */,
				B27AD5261B3D34B000181D2C /* LaunchScreen.xib in Resources */,
				B270E3211B4E55200010C995 /* AccountCell.xib in Resources */,
				B2E84C971B40585300DA3FE1 /* DetailViewController.xib in Resources */,
				B2E84CA61B4147F800DA3FE1 /* ic_reply.png in Resources */,
				B270E3171B4E3F8B0010C995 /* ic_home_20x20.png in Resources */,
				B270E30F1B4E1ECD0010C995 /* ic_user.png in Resources */,
				B2E84CA51B4147F800DA3FE1 /* ic_retweet_false.png in Resources */,
				B2E84CA41B4147F800DA3FE1 /* ic_star_true.png in Resources */,
				B226E8351B3FF03A00597E9D /* NavigationController.xib in Resources */,
				B270E3101B4E1ECD0010C995 /* ic_home.png in Resources */,
				B226E8281B3DA64800597E9D /* TweetCell.xib in Resources */,
				B2E84CAC1B41A5DF00DA3FE1 /* Images.xcassets in Resources */,
				B2E84CA31B4147F800DA3FE1 /* ic_retweet_true.png in Resources */,
				B270E3161B4E3F8B0010C995 /* ic_mention_16x20.png in Resources */,
				B270E30E1B4E1ECD0010C995 /* ic_profile.png in Resources */,
				B2EF94A31B44279200D77FBA /* ic_compose.png in Resources */,
				B28EDE291B458076002A5590 /* MenuViewController.xib in Resources */,
				B2EF94A51B455C9A00D77FBA /* ic_menu.png in Resources */,
				B270E31C1B4E4A090010C995 /* AccountsViewController.xib in Resources */,
				B270E3281B4E73DD0010C995 /* ic_plus.png in Resources */,
				B270E3111B4E1ECD0010C995 /* ic_mention.png in Resources */,
				B28EDE361B45832F002A5590 /* MenuOptionCell.xib in Resources */,
				B2E84CA21B4147F800DA3FE1 /* ic_star_false.png in Resources */,
				B226E8141B3D370300597E9D /* LoginViewController.xib in Resources */,
				B270E3151B4E3F8B0010C995 /* ic_user_20x20.png in Resources */,
				B28EDE2E1B4580B3002A5590 /* ProfileViewController.xib in Resources */,
				B2E84C9C1B40EBA200DA3FE1 /* ComposeViewController.xib in Resources */,
			);
			runOnlyForDeploymentPostprocessing = 0;
		};
		B27AD5291B3D34B000181D2C /* Resources */ = {
			isa = PBXResourcesBuildPhase;
			buildActionMask = 2147483647;
			files = (
			);
			runOnlyForDeploymentPostprocessing = 0;
		};
/* End PBXResourcesBuildPhase section */

/* Begin PBXShellScriptBuildPhase section */
		554E5861596032BBE2ADAE4F /* Copy Pods Resources */ = {
			isa = PBXShellScriptBuildPhase;
			buildActionMask = 2147483647;
			files = (
			);
			inputPaths = (
			);
			name = "Copy Pods Resources";
			outputPaths = (
			);
			runOnlyForDeploymentPostprocessing = 0;
			shellPath = /bin/sh;
			shellScript = "\"${SRCROOT}/Pods/Target Support Files/Pods-Twitter/Pods-Twitter-resources.sh\"\n";
			showEnvVarsInLog = 0;
		};
		D08E214C74FFD44901601CEE /* Check Pods Manifest.lock */ = {
			isa = PBXShellScriptBuildPhase;
			buildActionMask = 2147483647;
			files = (
			);
			inputPaths = (
			);
			name = "Check Pods Manifest.lock";
			outputPaths = (
			);
			runOnlyForDeploymentPostprocessing = 0;
			shellPath = /bin/sh;
			shellScript = "diff \"${PODS_ROOT}/../Podfile.lock\" \"${PODS_ROOT}/Manifest.lock\" > /dev/null\nif [[ $? != 0 ]] ; then\n    cat << EOM\nerror: The sandbox is not in sync with the Podfile.lock. Run 'pod install' or update your CocoaPods installation.\nEOM\n    exit 1\nfi\n";
			showEnvVarsInLog = 0;
		};
/* End PBXShellScriptBuildPhase section */

/* Begin PBXSourcesBuildPhase section */
		B27AD50E1B3D34B000181D2C /* Sources */ = {
			isa = PBXSourcesBuildPhase;
			buildActionMask = 2147483647;
			files = (
				B226E8171B3D389300597E9D /* TwitterClient.m in Sources */,
				B27AD51B1B3D34B000181D2C /* AppDelegate.m in Sources */,
				B270E31B1B4E4A090010C995 /* AccountsViewController.m in Sources */,
				B226E81E1B3D47AC00597E9D /* User.m in Sources */,
				B270E3201B4E55200010C995 /* AccountCell.m in Sources */,
				B226E8341B3FF03A00597E9D /* NavigationController.m in Sources */,
				B28EDE2D1B4580B3002A5590 /* ProfileViewController.m in Sources */,
				B28EDE281B458076002A5590 /* MenuViewController.m in Sources */,
				B226E81B1B3D479E00597E9D /* Tweet.m in Sources */,
				B2E84C961B40585300DA3FE1 /* DetailViewController.m in Sources */,
				B2EF949F1B43B9C300D77FBA /* Media.m in Sources */,
				B27AD5181B3D34B000181D2C /* main.m in Sources */,
				B226E8131B3D370300597E9D /* LoginViewController.m in Sources */,
				B2E84C9B1B40EBA200DA3FE1 /* ComposeViewController.m in Sources */,
				B226E8221B3D7D5400597E9D /* TweetsViewController.m in Sources */,
				B28EDE351B45832F002A5590 /* MenuOptionCell.m in Sources */,
				B226E82B1B3DA89B00597E9D /* TweetCell.m in Sources */,
				B270E3251B4E55350010C995 /* AccountAddCell.m in Sources */,
			);
			runOnlyForDeploymentPostprocessing = 0;
		};
		B27AD5271B3D34B000181D2C /* Sources */ = {
			isa = PBXSourcesBuildPhase;
			buildActionMask = 2147483647;
			files = (
				B27AD5321B3D34B000181D2C /* TwitterTests.m in Sources */,
			);
			runOnlyForDeploymentPostprocessing = 0;
		};
/* End PBXSourcesBuildPhase section */

/* Begin PBXTargetDependency section */
		B27AD52D1B3D34B000181D2C /* PBXTargetDependency */ = {
			isa = PBXTargetDependency;
			target = B27AD5111B3D34B000181D2C /* Twitter */;
			targetProxy = B27AD52C1B3D34B000181D2C /* PBXContainerItemProxy */;
		};
/* End PBXTargetDependency section */

/* Begin PBXVariantGroup section */
		B27AD5241B3D34B000181D2C /* LaunchScreen.xib */ = {
			isa = PBXVariantGroup;
			children = (
				B27AD5251B3D34B000181D2C /* Base */,
			);
			name = LaunchScreen.xib;
			sourceTree = "<group>";
		};
/* End PBXVariantGroup section */

/* Begin XCBuildConfiguration section */
		B27AD5331B3D34B000181D2C /* Debug */ = {
			isa = XCBuildConfiguration;
			buildSettings = {
				ALWAYS_SEARCH_USER_PATHS = NO;
				CLANG_CXX_LANGUAGE_STANDARD = "gnu++0x";
				CLANG_CXX_LIBRARY = "libc++";
				CLANG_ENABLE_MODULES = YES;
				CLANG_ENABLE_OBJC_ARC = YES;
				CLANG_WARN_BOOL_CONVERSION = YES;
				CLANG_WARN_CONSTANT_CONVERSION = YES;
				CLANG_WARN_DIRECT_OBJC_ISA_USAGE = YES_ERROR;
				CLANG_WARN_EMPTY_BODY = YES;
				CLANG_WARN_ENUM_CONVERSION = YES;
				CLANG_WARN_INT_CONVERSION = YES;
				CLANG_WARN_OBJC_ROOT_CLASS = YES_ERROR;
				CLANG_WARN_UNREACHABLE_CODE = YES;
				CLANG_WARN__DUPLICATE_METHOD_MATCH = YES;
				"CODE_SIGN_IDENTITY[sdk=iphoneos*]" = "iPhone Developer";
				COPY_PHASE_STRIP = NO;
				DEBUG_INFORMATION_FORMAT = "dwarf-with-dsym";
				ENABLE_STRICT_OBJC_MSGSEND = YES;
				GCC_C_LANGUAGE_STANDARD = gnu99;
				GCC_DYNAMIC_NO_PIC = NO;
				GCC_NO_COMMON_BLOCKS = YES;
				GCC_OPTIMIZATION_LEVEL = 0;
				GCC_PREPROCESSOR_DEFINITIONS = (
					"DEBUG=1",
					"$(inherited)",
				);
				GCC_SYMBOLS_PRIVATE_EXTERN = NO;
				GCC_WARN_64_TO_32_BIT_CONVERSION = YES;
				GCC_WARN_ABOUT_RETURN_TYPE = YES_ERROR;
				GCC_WARN_UNDECLARED_SELECTOR = YES;
				GCC_WARN_UNINITIALIZED_AUTOS = YES_AGGRESSIVE;
				GCC_WARN_UNUSED_FUNCTION = YES;
				GCC_WARN_UNUSED_VARIABLE = YES;
				IPHONEOS_DEPLOYMENT_TARGET = 8.3;
				MTL_ENABLE_DEBUG_INFO = YES;
				ONLY_ACTIVE_ARCH = YES;
				SDKROOT = iphoneos;
			};
			name = Debug;
		};
		B27AD5341B3D34B000181D2C /* Release */ = {
			isa = XCBuildConfiguration;
			buildSettings = {
				ALWAYS_SEARCH_USER_PATHS = NO;
				CLANG_CXX_LANGUAGE_STANDARD = "gnu++0x";
				CLANG_CXX_LIBRARY = "libc++";
				CLANG_ENABLE_MODULES = YES;
				CLANG_ENABLE_OBJC_ARC = YES;
				CLANG_WARN_BOOL_CONVERSION = YES;
				CLANG_WARN_CONSTANT_CONVERSION = YES;
				CLANG_WARN_DIRECT_OBJC_ISA_USAGE = YES_ERROR;
				CLANG_WARN_EMPTY_BODY = YES;
				CLANG_WARN_ENUM_CONVERSION = YES;
				CLANG_WARN_INT_CONVERSION = YES;
				CLANG_WARN_OBJC_ROOT_CLASS = YES_ERROR;
				CLANG_WARN_UNREACHABLE_CODE = YES;
				CLANG_WARN__DUPLICATE_METHOD_MATCH = YES;
				"CODE_SIGN_IDENTITY[sdk=iphoneos*]" = "iPhone Developer";
				COPY_PHASE_STRIP = NO;
				DEBUG_INFORMATION_FORMAT = "dwarf-with-dsym";
				ENABLE_NS_ASSERTIONS = NO;
				ENABLE_STRICT_OBJC_MSGSEND = YES;
				GCC_C_LANGUAGE_STANDARD = gnu99;
				GCC_NO_COMMON_BLOCKS = YES;
				GCC_WARN_64_TO_32_BIT_CONVERSION = YES;
				GCC_WARN_ABOUT_RETURN_TYPE = YES_ERROR;
				GCC_WARN_UNDECLARED_SELECTOR = YES;
				GCC_WARN_UNINITIALIZED_AUTOS = YES_AGGRESSIVE;
				GCC_WARN_UNUSED_FUNCTION = YES;
				GCC_WARN_UNUSED_VARIABLE = YES;
				IPHONEOS_DEPLOYMENT_TARGET = 8.3;
				MTL_ENABLE_DEBUG_INFO = NO;
				SDKROOT = iphoneos;
				VALIDATE_PRODUCT = YES;
			};
			name = Release;
		};
		B27AD5361B3D34B000181D2C /* Debug */ = {
			isa = XCBuildConfiguration;
			baseConfigurationReference = 65556AB8E95655525DD72C78 /* Pods-Twitter.debug.xcconfig */;
			buildSettings = {
				ASSETCATALOG_COMPILER_APPICON_NAME = AppIcon;
				INFOPLIST_FILE = Twitter/Info.plist;
				LD_RUNPATH_SEARCH_PATHS = "$(inherited) @executable_path/Frameworks";
				PRODUCT_NAME = "$(TARGET_NAME)";
			};
			name = Debug;
		};
		B27AD5371B3D34B000181D2C /* Release */ = {
			isa = XCBuildConfiguration;
			baseConfigurationReference = 6F6E690875380D5B37C72304 /* Pods-Twitter.release.xcconfig */;
			buildSettings = {
				ASSETCATALOG_COMPILER_APPICON_NAME = AppIcon;
				INFOPLIST_FILE = Twitter/Info.plist;
				LD_RUNPATH_SEARCH_PATHS = "$(inherited) @executable_path/Frameworks";
				PRODUCT_NAME = "$(TARGET_NAME)";
			};
			name = Release;
		};
		B27AD5391B3D34B000181D2C /* Debug */ = {
			isa = XCBuildConfiguration;
			buildSettings = {
				BUNDLE_LOADER = "$(TEST_HOST)";
				FRAMEWORK_SEARCH_PATHS = (
					"$(SDKROOT)/Developer/Library/Frameworks",
					"$(inherited)",
				);
				GCC_PREPROCESSOR_DEFINITIONS = (
					"DEBUG=1",
					"$(inherited)",
				);
				INFOPLIST_FILE = TwitterTests/Info.plist;
				LD_RUNPATH_SEARCH_PATHS = "$(inherited) @executable_path/Frameworks @loader_path/Frameworks";
				PRODUCT_NAME = "$(TARGET_NAME)";
				TEST_HOST = "$(BUILT_PRODUCTS_DIR)/Twitter.app/Twitter";
			};
			name = Debug;
		};
		B27AD53A1B3D34B000181D2C /* Release */ = {
			isa = XCBuildConfiguration;
			buildSettings = {
				BUNDLE_LOADER = "$(TEST_HOST)";
				FRAMEWORK_SEARCH_PATHS = (
					"$(SDKROOT)/Developer/Library/Frameworks",
					"$(inherited)",
				);
				INFOPLIST_FILE = TwitterTests/Info.plist;
				LD_RUNPATH_SEARCH_PATHS = "$(inherited) @executable_path/Frameworks @loader_path/Frameworks";
				PRODUCT_NAME = "$(TARGET_NAME)";
				TEST_HOST = "$(BUILT_PRODUCTS_DIR)/Twitter.app/Twitter";
			};
			name = Release;
		};
/* End XCBuildConfiguration section */

/* Begin XCConfigurationList section */
		B27AD50D1B3D34B000181D2C /* Build configuration list for PBXProject "Twitter" */ = {
			isa = XCConfigurationList;
			buildConfigurations = (
				B27AD5331B3D34B000181D2C /* Debug */,
				B27AD5341B3D34B000181D2C /* Release */,
			);
			defaultConfigurationIsVisible = 0;
			defaultConfigurationName = Release;
		};
		B27AD5351B3D34B000181D2C /* Build configuration list for PBXNativeTarget "Twitter" */ = {
			isa = XCConfigurationList;
			buildConfigurations = (
				B27AD5361B3D34B000181D2C /* Debug */,
				B27AD5371B3D34B000181D2C /* Release */,
			);
			defaultConfigurationIsVisible = 0;
			defaultConfigurationName = Release;
		};
		B27AD5381B3D34B000181D2C /* Build configuration list for PBXNativeTarget "TwitterTests" */ = {
			isa = XCConfigurationList;
			buildConfigurations = (
				B27AD5391B3D34B000181D2C /* Debug */,
				B27AD53A1B3D34B000181D2C /* Release */,
			);
			defaultConfigurationIsVisible = 0;
			defaultConfigurationName = Release;
		};
/* End XCConfigurationList section */
	};
	rootObject = B27AD50A1B3D34B000181D2C /* Project object */;
}
